{
  "version": 4,
  "terraform_version": "1.15.8",
  "serial": 2,
  "lineage": "06b551a1-3a0f-edcc-ea24-922405620100",
  "outputs": {
    "ecr_repository_url": {
      "value": "054609245049.dkr.ecr.us-east-1.amazonaws.com/ecs-cicd-demo",
      "type": "string"
    }
  },
  "resources": [
    {
      "mode": "managed",
      "type": "aws_ecr_repository",
      "name": "app",
      "provider": "provider[\"registry.terraform.io/hashicorp/aws\"]",
      "instances": [
        {
          "schema_version": 0,
          "attributes": {
            "arn": "arn:aws:ecr:us-east-1:054609245049:repository/ecs-cicd-demo",
            "encryption_configuration": [
              {
                "encryption_type": "AES256",
                "kms_key": ""
              }
            ],
            "force_delete": null,
            "id": "ecs-cicd-demo",
            "image_scanning_configuration": [
              {
                "scan_on_push": true
              }
            ],
            "image_tag_mutability": "MUTABLE",
            "name": "ecs-cicd-demo",
            "registry_id": "054609245049",
            "repository_url": "054609245049.dkr.ecr.us-east-1.amazonaws.com/ecs-cicd-demo",
            "tags": {
              "Project": "aws-ecs-cicd-webapp"
            },
            "tags_all": {
              "Project": "aws-ecs-cicd-webapp"
            },
            "timeouts": null
          },
          "sensitive_attributes": [],
          "identity_schema_version": 0,
          "private": "eyJlMmJmYjczMC1lY2FhLTExZTYtOGY4OC0zNDM2M2JjN2M0YzAiOnsiZGVsZXRlIjoxMjAwMDAwMDAwMDAwfX0="
        }
      ]
    }
  ],
  "check_results": null
}
